// !$*UTF8*$!
{
	archiveVersion = 1;
	classes = {
	};
	objectVersion = 56;
	objects = {

/* Begin PBXBuildFile section */
		B0046552297E1C6900D78761 /* smartband_appApp.swift in Sources */ = {isa = PBXBuildFile; fileRef = B0046551297E1C6900D78761 /* smartband_appApp.swift */; };
		B0046554297E1C6900D78761 /* ContentView.swift in Sources */ = {isa = PBXBuildFile; fileRef = B0046553297E1C6900D78761 /* ContentView.swift */; };
		B0046556297E1C6B00D78761 /* Assets.xcassets in Resources */ = {isa = PBXBuildFile; fileRef = B0046555297E1C6B00D78761 /* Assets.xcassets */; };
		B0046559297E1C6B00D78761 /* Preview Assets.xcassets in Resources */ = {isa = PBXBuildFile; fileRef = B0046558297E1C6B00D78761 /* Preview Assets.xcassets */; };
		B0046561297E1D3D00D78761 /* PersonalData.swift in Sources */ = {isa = PBXBuildFile; fileRef = B0046560297E1D3D00D78761 /* PersonalData.swift */; };
		B0046563297E1D4600D78761 /* HeartRate.swift in Sources */ = {isa = PBXBuildFile; fileRef = B0046562297E1D4600D78761 /* HeartRate.swift */; };
		B0046565297E1D4F00D78761 /* BloodPressure.swift in Sources */ = {isa = PBXBuildFile; fileRef = B0046564297E1D4F00D78761 /* BloodPressure.swift */; };
		B0046567297E1D5900D78761 /* Respiration.swift in Sources */ = {isa = PBXBuildFile; fileRef = B0046566297E1D5900D78761 /* Respiration.swift */; };
		B0046569297E1D7700D78761 /* Activity.swift in Sources */ = {isa = PBXBuildFile; fileRef = B0046568297E1D7700D78761 /* Activity.swift */; };
		B004656C297E2F6300D78761 /* iPhoneNumberField in Frameworks */ = {isa = PBXBuildFile; productRef = B004656B297E2F6300D78761 /* iPhoneNumberField */; };
		B004656E297E3AA100D78761 /* ImagePicker.swift in Sources */ = {isa = PBXBuildFile; fileRef = B004656D297E3AA000D78761 /* ImagePicker.swift */; };
/* End PBXBuildFile section */

/* Begin PBXFileReference section */
		B004654E297E1C6900D78761 /* smartband_app.app */ = {isa = PBXFileReference; explicitFileType = wrapper.application; includeInIndex = 0; path = smartband_app.app; sourceTree = BUILT_PRODUCTS_DIR; };
		B0046551297E1C6900D78761 /* smartband_appApp.swift */ = {isa = PBXFileReference; lastKnownFileType = sourcecode.swift; path = smartband_appApp.swift; sourceTree = "<group>"; };
		B0046553297E1C6900D78761 /* ContentView.swift */ = {isa = PBXFileReference; lastKnownFileType = sourcecode.swift; path = ContentView.swift; sourceTree = "<group>"; };
		B0046555297E1C6B00D78761 /* Assets.xcassets */ = {isa = PBXFileReference; lastKnownFileType = folder.assetcatalog; path = Assets.xcassets; sourceTree = "<group>"; };
		B0046558297E1C6B00D78761 /* Preview Assets.xcassets */ = {isa = PBXFileReference; lastKnownFileType = folder.assetcatalog; path = "Preview Assets.xcassets"; sourceTree = "<group>"; };
		B0046560297E1D3D00D78761 /* PersonalData.swift */ = {isa = PBXFileReference; lastKnownFileType = sourcecode.swift; path = PersonalData.swift; sourceTree = "<group>"; };
		B0046562297E1D4600D78761 /* HeartRate.swift */ = {isa = PBXFileReference; lastKnownFileType = sourcecode.swift; path = HeartRate.swift; sourceTree = "<group>"; };
		B0046564297E1D4F00D78761 /* BloodPressure.swift */ = {isa = PBXFileReference; lastKnownFileType = sourcecode.swift; path = BloodPressure.swift; sourceTree = "<group>"; };
		B0046566297E1D5900D78761 /* Respiration.swift */ = {isa = PBXFileReference; lastKnownFileType = sourcecode.swift; path = Respiration.swift; sourceTree = "<group>"; };
		B0046568297E1D7700D78761 /* Activity.swift */ = {isa = PBXFileReference; lastKnownFileType = sourcecode.swift; path = Activity.swift; sourceTree = "<group>"; };
		B004656D297E3AA000D78761 /* ImagePicker.swift */ = {isa = PBXFileReference; lastKnownFileType = sourcecode.swift; path = ImagePicker.swift; sourceTree = "<group>"; };
/* End PBXFileReference section */

/* Begin PBXFrameworksBuildPhase section */
		B004654B297E1C6900D78761 /* Frameworks */ = {
			isa = PBXFrameworksBuildPhase;
			buildActionMask = 2147483647;
			files = (
				B004656C297E2F6300D78761 /* iPhoneNumberField in Frameworks */,
			);
			runOnlyForDeploymentPostprocessing = 0;
		};
/* End PBXFrameworksBuildPhase section */

/* Begin PBXGroup section */
		B0046545297E1C6900D78761 = {
			isa = PBXGroup;
			children = (
				B0046550297E1C6900D78761 /* smartband_app */,
				B004654F297E1C6900D78761 /* Products */,
			);
			sourceTree = "<group>";
		};
		B004654F297E1C6900D78761 /* Products */ = {
			isa = PBXGroup;
			children = (
				B004654E297E1C6900D78761 /* smartband_app.app */,
			);
			name = Products;
			sourceTree = "<group>";
		};
		B0046550297E1C6900D78761 /* smartband_app */ = {
			isa = PBXGroup;
			children = (
				B004655F297E1D0E00D78761 /* Views */,
				B0046551297E1C6900D78761 /* smartband_appApp.swift */,
				B0046553297E1C6900D78761 /* ContentView.swift */,
				B0046555297E1C6B00D78761 /* Assets.xcassets */,
				B0046557297E1C6B00D78761 /* Preview Content */,
			);
			path = smartband_app;
			sourceTree = "<group>";
		};
		B0046557297E1C6B00D78761 /* Preview Content */ = {
			isa = PBXGroup;
			children = (
				B0046558297E1C6B00D78761 /* Preview Assets.xcassets */,
			);
			path = "Preview Content";
			sourceTree = "<group>";
		};
		B004655F297E1D0E00D78761 /* Views */ = {
			isa = PBXGroup;
			children = (
				B0046560297E1D3D00D78761 /* PersonalData.swift */,
				B0046562297E1D4600D78761 /* HeartRate.swift */,
				B0046564297E1D4F00D78761 /* BloodPressure.swift */,
				B0046566297E1D5900D78761 /* Respiration.swift */,
				B0046568297E1D7700D78761 /* Activity.swift */,
				B004656D297E3AA000D78761 /* ImagePicker.swift */,
			);
			path = Views;
			sourceTree = "<group>";
		};
/* End PBXGroup section */

/* Begin PBXNativeTarget section */
		B004654D297E1C6900D78761 /* smartband_app */ = {
			isa = PBXNativeTarget;
			buildConfigurationList = B004655C297E1C6B00D78761 /* Build configuration list for PBXNativeTarget "smartband_app" */;
			buildPhases = (
				B004654A297E1C6900D78761 /* Sources */,
				B004654B297E1C6900D78761 /* Frameworks */,
				B004654C297E1C6900D78761 /* Resources */,
			);
			buildRules = (
			);
			dependencies = (
			);
			name = smartband_app;
			packageProductDependencies = (
				B004656B297E2F6300D78761 /* iPhoneNumberField */,
			);
			productName = smartband_app;
			productReference = B004654E297E1C6900D78761 /* smartband_app.app */;
			productType = "com.apple.product-type.application";
		};
/* End PBXNativeTarget section */

/* Begin PBXProject section */
		B0046546297E1C6900D78761 /* Project object */ = {
			isa = PBXProject;
			attributes = {
				BuildIndependentTargetsInParallel = 1;
				LastSwiftUpdateCheck = 1420;
				LastUpgradeCheck = 1420;
				TargetAttributes = {
					B004654D297E1C6900D78761 = {
						CreatedOnToolsVersion = 14.2;
					};
				};
			};
			buildConfigurationList = B0046549297E1C6900D78761 /* Build configuration list for PBXProject "smartband_app" */;
			compatibilityVersion = "Xcode 14.0";
			developmentRegion = en;
			hasScannedForEncodings = 0;
			knownRegions = (
				en,
				Base,
			);
			mainGroup = B0046545297E1C6900D78761;
			packageReferences = (
				B004656A297E2F6300D78761 /* XCRemoteSwiftPackageReference "iPhoneNumberField" */,
			);
			productRefGroup = B004654F297E1C6900D78761 /* Products */;
			projectDirPath = "";
			projectRoot = "";
			targets = (
				B004654D297E1C6900D78761 /* smartband_app */,
			);
		};
/* End PBXProject section */

/* Begin PBXResourcesBuildPhase section */
		B004654C297E1C6900D78761 /* Resources */ = {
			isa = PBXResourcesBuildPhase;
			buildActionMask = 2147483647;
			files = (
				B0046559297E1C6B00D78761 /* Preview Assets.xcassets in Resources */,
				B0046556297E1C6B00D78761 /* Assets.xcassets in Resources */,
			);
			runOnlyForDeploymentPostprocessing = 0;
		};
/* End PBXResourcesBuildPhase section */

/* Begin PBXSourcesBuildPhase section */
		B004654A297E1C6900D78761 /* Sources */ = {
			isa = PBXSourcesBuildPhase;
			buildActionMask = 2147483647;
			files = (
				B0046567297E1D5900D78761 /* Respiration.swift in Sources */,
				B0046554297E1C6900D78761 /* ContentView.swift in Sources */,
				B0046569297E1D7700D78761 /* Activity.swift in Sources */,
				B0046552297E1C6900D78761 /* smartband_appApp.swift in Sources */,
				B0046565297E1D4F00D78761 /* BloodPressure.swift in Sources */,
				B004656E297E3AA100D78761 /* ImagePicker.swift in Sources */,
				B0046563297E1D4600D78761 /* HeartRate.swift in Sources */,
				B0046561297E1D3D00D78761 /* PersonalData.swift in Sources */,
			);
			runOnlyForDeploymentPostprocessing = 0;
		};
/* End PBXSourcesBuildPhase section */

/* Begin XCBuildConfiguration section */
		B004655A297E1C6B00D78761 /* Debug */ = {
			isa = XCBuildConfiguration;
			buildSettings = {
				ALWAYS_SEARCH_USER_PATHS = NO;
				CLANG_ANALYZER_NONNULL = YES;
				CLANG_ANALYZER_NUMBER_OBJECT_CONVERSION = YES_AGGRESSIVE;
				CLANG_CXX_LANGUAGE_STANDARD = "gnu++20";
				CLANG_ENABLE_MODULES = YES;
				CLANG_ENABLE_OBJC_ARC = YES;
				CLANG_ENABLE_OBJC_WEAK = YES;
				CLANG_WARN_BLOCK_CAPTURE_AUTORELEASING = YES;
				CLANG_WARN_BOOL_CONVERSION = YES;
				CLANG_WARN_COMMA = YES;
				CLANG_WARN_CONSTANT_CONVERSION = YES;
				CLANG_WARN_DEPRECATED_OBJC_IMPLEMENTATIONS = YES;
				CLANG_WARN_DIRECT_OBJC_ISA_USAGE = YES_ERROR;
				CLANG_WARN_DOCUMENTATION_COMMENTS = YES;
				CLANG_WARN_EMPTY_BODY = YES;
				CLANG_WARN_ENUM_CONVERSION = YES;
				CLANG_WARN_INFINITE_RECURSION = YES;
				CLANG_WARN_INT_CONVERSION = YES;
				CLANG_WARN_NON_LITERAL_NULL_CONVERSION = YES;
				CLANG_WARN_OBJC_IMPLICIT_RETAIN_SELF = YES;
				CLANG_WARN_OBJC_LITERAL_CONVERSION = YES;
				CLANG_WARN_OBJC_ROOT_CLASS = YES_ERROR;
				CLANG_WARN_QUOTED_INCLUDE_IN_FRAMEWORK_HEADER = YES;
				CLANG_WARN_RANGE_LOOP_ANALYSIS = YES;
				CLANG_WARN_STRICT_PROTOTYPES = YES;
				CLANG_WARN_SUSPICIOUS_MOVE = YES;
				CLANG_WARN_UNGUARDED_AVAILABILITY = YES_AGGRESSIVE;
				CLANG_WARN_UNREACHABLE_CODE = YES;
				CLANG_WARN__DUPLICATE_METHOD_MATCH = YES;
				COPY_PHASE_STRIP = NO;
				DEBUG_INFORMATION_FORMAT = dwarf;
				ENABLE_STRICT_OBJC_MSGSEND = YES;
				ENABLE_TESTABILITY = YES;
				GCC_C_LANGUAGE_STANDARD = gnu11;
				GCC_DYNAMIC_NO_PIC = NO;
				GCC_NO_COMMON_BLOCKS = YES;
				GCC_OPTIMIZATION_LEVEL = 0;
				GCC_PREPROCESSOR_DEFINITIONS = (
					"DEBUG=1",
					"$(inherited)",
				);
				GCC_WARN_64_TO_32_BIT_CONVERSION = YES;
				GCC_WARN_ABOUT_RETURN_TYPE = YES_ERROR;
				GCC_WARN_UNDECLARED_SELECTOR = YES;
				GCC_WARN_UNINITIALIZED_AUTOS = YES_AGGRESSIVE;
				GCC_WARN_UNUSED_FUNCTION = YES;
				GCC_WARN_UNUSED_VARIABLE = YES;
				IPHONEOS_DEPLOYMENT_TARGET = 16.2;
				MTL_ENABLE_DEBUG_INFO = INCLUDE_SOURCE;
				MTL_FAST_MATH = YES;
				ONLY_ACTIVE_ARCH = YES;
				SDKROOT = iphoneos;
				SWIFT_ACTIVE_COMPILATION_CONDITIONS = DEBUG;
				SWIFT_OPTIMIZATION_LEVEL = "-Onone";
			};
			name = Debug;
		};
		B004655B297E1C6B00D78761 /* Release */ = {
			isa = XCBuildConfiguration;
			buildSettings = {
				ALWAYS_SEARCH_USER_PATHS = NO;
				CLANG_ANALYZER_NONNULL = YES;
				CLANG_ANALYZER_NUMBER_OBJECT_CONVERSION = YES_AGGRESSIVE;
				CLANG_CXX_LANGUAGE_STANDARD = "gnu++20";
				CLANG_ENABLE_MODULES = YES;
				CLANG_ENABLE_OBJC_ARC = YES;
				CLANG_ENABLE_OBJC_WEAK = YES;
				CLANG_WARN_BLOCK_CAPTURE_AUTORELEASING = YES;
				CLANG_WARN_BOOL_CONVERSION = YES;
				CLANG_WARN_COMMA = YES;
				CLANG_WARN_CONSTANT_CONVERSION = YES;
				CLANG_WARN_DEPRECATED_OBJC_IMPLEMENTATIONS = YES;
				CLANG_WARN_DIRECT_OBJC_ISA_USAGE = YES_ERROR;
				CLANG_WARN_DOCUMENTATION_COMMENTS = YES;
				CLANG_WARN_EMPTY_BODY = YES;
				CLANG_WARN_ENUM_CONVERSION = YES;
				CLANG_WARN_INFINITE_RECURSION = YES;
				CLANG_WARN_INT_CONVERSION = YES;
				CLANG_WARN_NON_LITERAL_NULL_CONVERSION = YES;
				CLANG_WARN_OBJC_IMPLICIT_RETAIN_SELF = YES;
				CLANG_WARN_OBJC_LITERAL_CONVERSION = YES;
				CLANG_WARN_OBJC_ROOT_CLASS = YES_ERROR;
				CLANG_WARN_QUOTED_INCLUDE_IN_FRAMEWORK_HEADER = YES;
				CLANG_WARN_RANGE_LOOP_ANALYSIS = YES;
				CLANG_WARN_STRICT_PROTOTYPES = YES;
				CLANG_WARN_SUSPICIOUS_MOVE = YES;
				CLANG_WARN_UNGUARDED_AVAILABILITY = YES_AGGRESSIVE;
				CLANG_WARN_UNREACHABLE_CODE = YES;
				CLANG_WARN__DUPLICATE_METHOD_MATCH = YES;
				COPY_PHASE_STRIP = NO;
				DEBUG_INFORMATION_FORMAT = "dwarf-with-dsym";
				ENABLE_NS_ASSERTIONS = NO;
				ENABLE_STRICT_OBJC_MSGSEND = YES;
				GCC_C_LANGUAGE_STANDARD = gnu11;
				GCC_NO_COMMON_BLOCKS = YES;
				GCC_WARN_64_TO_32_BIT_CONVERSION = YES;
				GCC_WARN_ABOUT_RETURN_TYPE = YES_ERROR;
				GCC_WARN_UNDECLARED_SELECTOR = YES;
				GCC_WARN_UNINITIALIZED_AUTOS = YES_AGGRESSIVE;
				GCC_WARN_UNUSED_FUNCTION = YES;
				GCC_WARN_UNUSED_VARIABLE = YES;
				IPHONEOS_DEPLOYMENT_TARGET = 16.2;
				MTL_ENABLE_DEBUG_INFO = NO;
				MTL_FAST_MATH = YES;
				SDKROOT = iphoneos;
				SWIFT_COMPILATION_MODE = wholemodule;
				SWIFT_OPTIMIZATION_LEVEL = "-O";
				VALIDATE_PRODUCT = YES;
			};
			name = Release;
		};
		B004655D297E1C6B00D78761 /* Debug */ = {
			isa = XCBuildConfiguration;
			buildSettings = {
				ASSETCATALOG_COMPILER_APPICON_NAME = AppIcon;
				ASSETCATALOG_COMPILER_GLOBAL_ACCENT_COLOR_NAME = AccentColor;
				CODE_SIGN_STYLE = Automatic;
				CURRENT_PROJECT_VERSION = 1;
				DEVELOPMENT_ASSET_PATHS = "\"smartband_app/Preview Content\"";
				ENABLE_PREVIEWS = YES;
				GENERATE_INFOPLIST_FILE = YES;
				INFOPLIST_KEY_UIApplicationSceneManifest_Generation = YES;
				INFOPLIST_KEY_UIApplicationSupportsIndirectInputEvents = YES;
				INFOPLIST_KEY_UILaunchScreen_Generation = YES;
				INFOPLIST_KEY_UISupportedInterfaceOrientations_iPad = "UIInterfaceOrientationPortrait UIInterfaceOrientationPortraitUpsideDown UIInterfaceOrientationLandscapeLeft UIInterfaceOrientationLandscapeRight";
				INFOPLIST_KEY_UISupportedInterfaceOrientations_iPhone = "UIInterfaceOrientationPortrait UIInterfaceOrientationLandscapeLeft UIInterfaceOrientationLandscapeRight";
				LD_RUNPATH_SEARCH_PATHS = (
					"$(inherited)",
					"@executable_path/Frameworks",
				);
				MARKETING_VERSION = 1.0;
				PRODUCT_BUNDLE_IDENTIFIER = "SmartBand.smartband-app";
				PRODUCT_NAME = "$(TARGET_NAME)";
				SWIFT_EMIT_LOC_STRINGS = YES;
				SWIFT_VERSION = 5.0;
				TARGETED_DEVICE_FAMILY = "1,2";
			};
			name = Debug;
		};
		B004655E297E1C6B00D78761 /* Release */ = {
			isa = XCBuildConfiguration;
			buildSettings = {
				ASSETCATALOG_COMPILER_APPICON_NAME = AppIcon;
				ASSETCATALOG_COMPILER_GLOBAL_ACCENT_COLOR_NAME = AccentColor;
				CODE_SIGN_STYLE = Automatic;
				CURRENT_PROJECT_VERSION = 1;
				DEVELOPMENT_ASSET_PATHS = "\"smartband_app/Preview Content\"";
				ENABLE_PREVIEWS = YES;
				GENERATE_INFOPLIST_FILE = YES;
				INFOPLIST_KEY_UIApplicationSceneManifest_Generation = YES;
				INFOPLIST_KEY_UIApplicationSupportsIndirectInputEvents = YES;
				INFOPLIST_KEY_UILaunchScreen_Generation = YES;
				INFOPLIST_KEY_UISupportedInterfaceOrientations_iPad = "UIInterfaceOrientationPortrait UIInterfaceOrientationPortraitUpsideDown UIInterfaceOrientationLandscapeLeft UIInterfaceOrientationLandscapeRight";
				INFOPLIST_KEY_UISupportedInterfaceOrientations_iPhone = "UIInterfaceOrientationPortrait UIInterfaceOrientationLandscapeLeft UIInterfaceOrientationLandscapeRight";
				LD_RUNPATH_SEARCH_PATHS = (
					"$(inherited)",
					"@executable_path/Frameworks",
				);
				MARKETING_VERSION = 1.0;
				PRODUCT_BUNDLE_IDENTIFIER = "SmartBand.smartband-app";
				PRODUCT_NAME = "$(TARGET_NAME)";
				SWIFT_EMIT_LOC_STRINGS = YES;
				SWIFT_VERSION = 5.0;
				TARGETED_DEVICE_FAMILY = "1,2";
			};
			name = Release;
		};
/* End XCBuildConfiguration section */

/* Begin XCConfigurationList section */
		B0046549297E1C6900D78761 /* Build configuration list for PBXProject "smartband_app" */ = {
			isa = XCConfigurationList;
			buildConfigurations = (
				B004655A297E1C6B00D78761 /* Debug */,
				B004655B297E1C6B00D78761 /* Release */,
			);
			defaultConfigurationIsVisible = 0;
			defaultConfigurationName = Release;
		};
		B004655C297E1C6B00D78761 /* Build configuration list for PBXNativeTarget "smartband_app" */ = {
			isa = XCConfigurationList;
			buildConfigurations = (
				B004655D297E1C6B00D78761 /* Debug */,
				B004655E297E1C6B00D78761 /* Release */,
			);
			defaultConfigurationIsVisible = 0;
			defaultConfigurationName = Release;
		};
/* End XCConfigurationList section */

/* Begin XCRemoteSwiftPackageReference section */
		B004656A297E2F6300D78761 /* XCRemoteSwiftPackageReference "iPhoneNumberField" */ = {
			isa = XCRemoteSwiftPackageReference;
			repositoryURL = "https://github.com/MojtabaHs/iPhoneNumberField.git";
			requirement = {
				kind = upToNextMajorVersion;
				minimumVersion = 0.9.0;
			};
		};
/* End XCRemoteSwiftPackageReference section */

/* Begin XCSwiftPackageProductDependency section */
		B004656B297E2F6300D78761 /* iPhoneNumberField */ = {
			isa = XCSwiftPackageProductDependency;
			package = B004656A297E2F6300D78761 /* XCRemoteSwiftPackageReference "iPhoneNumberField" */;
			productName = iPhoneNumberField;
		};
/* End XCSwiftPackageProductDependency section */
	};
	rootObject = B0046546297E1C6900D78761 /* Project object */;
}
